{
    "requires": true,
    "lockfileVersion": 1,
    "dependencies": {
        "vuejs-datepicker": {
            "version": "0.9.29",
            "resolved": "https://registry.npmjs.org/vuejs-datepicker/-/vuejs-datepicker-0.9.29.tgz",
            "integrity": "sha512-9zHkUrDudf1Ej+Mkd/BtjE23R+SXU665REK30iOWmreDPXMJk8vqdhVRRHNyPYfCFaEUaDGOgZl0G83xTdwhFw=="
        }
    }
}
